
Microsoft Visual Studio Solution File, Format Version 12.00
# Visual Studio 15
VisualStudioVersion = 15.0.27703.2026
MinimumVisualStudioVersion = 10.0.40219.1
Project("{FAE04EC0-301F-11D3-BF4B-00C04F79EFBC}") = "Kavram.App", "Kavram.App\Kavram.App.csproj", "{53A826C5-B11B-4CBB-8F09-D4502CFE96A2}"
EndProject
Project("{FAE04EC0-301F-11D3-BF4B-00C04F79EFBC}") = "Kavram.TestConsole", "Kavram.TestConsole\Kavram.TestConsole.csproj", "{22FB74DC-BAD2-4C40-A284-CFD0FF9D581F}"
EndProject
Project("{FAE04EC0-301F-11D3-BF4B-00C04F79EFBC}") = "Kavram.TestWeb", "Kavram.TestWeb\Kavram.TestWeb.csproj", "{09CD068C-CA56-49C5-99FD-A0EE2D480787}"
EndProject
Project("{2150E333-8FDC-42A3-9474-1A3956D46DE8}") = "Solution Items", "Solution Items", "{0E509E37-7033-4FDF-82FA-2DA50A1A1D28}"
	ProjectSection(SolutionItems) = preProject
		README.md = README.md
	EndProjectSection
EndProject
Global
	GlobalSection(SolutionConfigurationPlatforms) = preSolution
		Debug|Any CPU = Debug|Any CPU
		Release|Any CPU = Release|Any CPU
	EndGlobalSection
	GlobalSection(ProjectConfigurationPlatforms) = postSolution
		{53A826C5-B11B-4CBB-8F09-D4502CFE96A2}.Debug|Any CPU.ActiveCfg = Debug|Any CPU
		{53A826C5-B11B-4CBB-8F09-D4502CFE96A2}.Debug|Any CPU.Build.0 = Debug|Any CPU
		{53A826C5-B11B-4CBB-8F09-D4502CFE96A2}.Release|Any CPU.ActiveCfg = Release|Any CPU
		{53A826C5-B11B-4CBB-8F09-D4502CFE96A2}.Release|Any CPU.Build.0 = Release|Any CPU
		{22FB74DC-BAD2-4C40-A284-CFD0FF9D581F}.Debug|Any CPU.ActiveCfg = Debug|Any CPU
		{22FB74DC-BAD2-4C40-A284-CFD0FF9D581F}.Debug|Any CPU.Build.0 = Debug|Any CPU
		{22FB74DC-BAD2-4C40-A284-CFD0FF9D581F}.Release|Any CPU.ActiveCfg = Release|Any CPU
		{22FB74DC-BAD2-4C40-A284-CFD0FF9D581F}.Release|Any CPU.Build.0 = Release|Any CPU
		{09CD068C-CA56-49C5-99FD-A0EE2D480787}.Debug|Any CPU.ActiveCfg = Debug|Any CPU
		{09CD068C-CA56-49C5-99FD-A0EE2D480787}.Debug|Any CPU.Build.0 = Debug|Any CPU
		{09CD068C-CA56-49C5-99FD-A0EE2D480787}.Release|Any CPU.ActiveCfg = Release|Any CPU
		{09CD068C-CA56-49C5-99FD-A0EE2D480787}.Release|Any CPU.Build.0 = Release|Any CPU
	EndGlobalSection
	GlobalSection(SolutionProperties) = preSolution
		HideSolutionNode = FALSE
	EndGlobalSection
	GlobalSection(ExtensibilityGlobals) = postSolution
		SolutionGuid = {CEF841CF-2850-400F-A72C-8B4C0AC91982}
	EndGlobalSection
EndGlobal
